{
    "name": "graphicslab1",
    "version": "1.0.2",
    "lockfileVersion": 3,
    "requires": true,
    "packages": {
        "": {
            "name": "graphicslab1",
            "version": "1.0.2",
            "license": "MIT",
            "dependencies": {
                "graphicslab1": "^1.0.2"
            },
            "bin": {
                "graphicslab1": "index.js"
            }
        },
        "node_modules/graphicslab1": {
            "version": "1.0.2",
            "resolved": "https://registry.npmjs.org/graphicslab1/-/graphicslab1-1.0.2.tgz",
            "integrity": "sha512-CKP3SN/2Ax9g+O1vHJaUhDwWpDyKsKnR9iAaY9R8rj3D5B3Bg9zTrTOlksCgmuPONqPIxd7ArVcrlD8gNinK3Q==",
            "bin": {
                "graphicslab1": "index.js"
            }
        }
    }
}
