{
    "name": "graphicslab1",
    "version": "1.0.4",
    "lockfileVersion": 3,
    "requires": true,
    "packages": {
        "": {
            "name": "graphicslab1",
            "version": "1.0.4",
            "license": "MIT",
            "dependencies": {
                "graphicslab1": "file:"
            },
            "bin": {
                "graphicslab1": "index.js"
            }
        },
        "node_modules/graphicslab1": {
            "resolved": "",
            "link": true
        }
    }
}
